// !$*UTF8*$!
{
	archiveVersion = 1;
	classes = {
	};
	objectVersion = 46;
	objects = {

/* Begin PBXBuildFile section */
		6DD5A3021B628EDE00317EAC /* main.m in Sources */ = {isa = PBXBuildFile; fileRef = 6DD5A3011B628EDE00317EAC /* main.m */; };
		6DD5A3051B628EDE00317EAC /* AppDelegate.m in Sources */ = {isa = PBXBuildFile; fileRef = 6DD5A3041B628EDE00317EAC /* AppDelegate.m */; };
		6DD5A3081B628EDE00317EAC /* ViewController.m in Sources */ = {isa = PBXBuildFile; fileRef = 6DD5A3071B628EDE00317EAC /* ViewController.m */; };
		6DD5A30B1B628EDE00317EAC /* Main.storyboard in Resources */ = {isa = PBXBuildFile; fileRef = 6DD5A3091B628EDE00317EAC /* Main.storyboard */; };
		6DD5A30D1B628EDE00317EAC /* Images.xcassets in Resources */ = {isa = PBXBuildFile; fileRef = 6DD5A30C1B628EDE00317EAC /* Images.xcassets */; };
		6DD5A3101B628EDE00317EAC /* LaunchScreen.xib in Resources */ = {isa = PBXBuildFile; fileRef = 6DD5A30E1B628EDE00317EAC /* LaunchScreen.xib */; };
		6DD5A31C1B628EDE00317EAC /* ZNToolsTests.m in Sources */ = {isa = PBXBuildFile; fileRef = 6DD5A31B1B628EDE00317EAC /* ZNToolsTests.m */; };
/* End PBXBuildFile section */

/* Begin PBXContainerItemProxy section */
		6DD5A3161B628EDE00317EAC /* PBXContainerItemProxy */ = {
			isa = PBXContainerItemProxy;
			containerPortal = 6DD5A2F41B628EDE00317EAC /* Project object */;
			proxyType = 1;
			remoteGlobalIDString = 6DD5A2FB1B628EDE00317EAC;
			remoteInfo = ZNTools;
		};
/* End PBXContainerItemProxy section */

/* Begin PBXFileReference section */
		6DD5A2FC1B628EDE00317EAC /* ZNTools.app */ = {isa = PBXFileReference; explicitFileType = wrapper.application; includeInIndex = 0; path = ZNTools.app; sourceTree = BUILT_PRODUCTS_DIR; };
		6DD5A3001B628EDE00317EAC /* Info.plist */ = {isa = PBXFileReference; lastKnownFileType = text.plist.xml; path = Info.plist; sourceTree = "<group>"; };
		6DD5A3011B628EDE00317EAC /* main.m */ = {isa = PBXFileReference; lastKnownFileType = sourcecode.c.objc; path = main.m; sourceTree = "<group>"; };
		6DD5A3031B628EDE00317EAC /* AppDelegate.h */ = {isa = PBXFileReference; lastKnownFileType = sourcecode.c.h; path = AppDelegate.h; sourceTree = "<group>"; };
		6DD5A3041B628EDE00317EAC /* AppDelegate.m */ = {isa = PBXFileReference; lastKnownFileType = sourcecode.c.objc; path = AppDelegate.m; sourceTree = "<group>"; };
		6DD5A3061B628EDE00317EAC /* ViewController.h */ = {isa = PBXFileReference; lastKnownFileType = sourcecode.c.h; path = ViewController.h; sourceTree = "<group>"; };
		6DD5A3071B628EDE00317EAC /* ViewController.m */ = {isa = PBXFileReference; lastKnownFileType = sourcecode.c.objc; path = ViewController.m; sourceTree = "<group>"; };
		6DD5A30A1B628EDE00317EAC /* Base */ = {isa = PBXFileReference; lastKnownFileType = file.storyboard; name = Base; path = Base.lproj/Main.storyboard; sourceTree = "<group>"; };
		6DD5A30C1B628EDE00317EAC /* Images.xcassets */ = {isa = PBXFileReference; lastKnownFileType = folder.assetcatalog; path = Images.xcassets; sourceTree = "<group>"; };
		6DD5A30F1B628EDE00317EAC /* Base */ = {isa = PBXFileReference; lastKnownFileType = file.xib; name = Base; path = Base.lproj/LaunchScreen.xib; sourceTree = "<group>"; };
		6DD5A3151B628EDE00317EAC /* ZNToolsTests.xctest */ = {isa = PBXFileReference; explicitFileType = wrapper.cfbundle; includeInIndex = 0; path = ZNToolsTests.xctest; sourceTree = BUILT_PRODUCTS_DIR; };
		6DD5A31A1B628EDE00317EAC /* Info.plist */ = {isa = PBXFileReference; lastKnownFileType = text.plist.xml; path = Info.plist; sourceTree = "<group>"; };
		6DD5A31B1B628EDE00317EAC /* ZNToolsTests.m */ = {isa = PBXFileReference; lastKnownFileType = sourcecode.c.objc; path = ZNToolsTests.m; sourceTree = "<group>"; };
/* End PBXFileReference section */

/* Begin PBXFrameworksBuildPhase section */
		6DD5A2F91B628EDE00317EAC /* Frameworks */ = {
			isa = PBXFrameworksBuildPhase;
			buildActionMask = 2147483647;
			files = (
			);
			runOnlyForDeploymentPostprocessing = 0;
		};
		6DD5A3121B628EDE00317EAC /* Frameworks */ = {
			isa = PBXFrameworksBuildPhase;
			buildActionMask = 2147483647;
			files = (
			);
			runOnlyForDeploymentPostprocessing = 0;
		};
/* End PBXFrameworksBuildPhase section */

/* Begin PBXGroup section */
		6DD5A2F31B628EDE00317EAC = {
			isa = PBXGroup;
			children = (
				6DD5A2FE1B628EDE00317EAC /* ZNTools */,
				6DD5A3181B628EDE00317EAC /* ZNToolsTests */,
				6DD5A2FD1B628EDE00317EAC /* Products */,
			);
			sourceTree = "<group>";
		};
		6DD5A2FD1B628EDE00317EAC /* Products */ = {
			isa = PBXGroup;
			children = (
				6DD5A2FC1B628EDE00317EAC /* ZNTools.app */,
				6DD5A3151B628EDE00317EAC /* ZNToolsTests.xctest */,
			);
			name = Products;
			sourceTree = "<group>";
		};
		6DD5A2FE1B628EDE00317EAC /* ZNTools */ = {
			isa = PBXGroup;
			children = (
				6DD5A3031B628EDE00317EAC /* AppDelegate.h */,
				6DD5A3041B628EDE00317EAC /* AppDelegate.m */,
				6DD5A3061B628EDE00317EAC /* ViewController.h */,
				6DD5A3071B628EDE00317EAC /* ViewController.m */,
				6DD5A3091B628EDE00317EAC /* Main.storyboard */,
				6DD5A30C1B628EDE00317EAC /* Images.xcassets */,
				6DD5A30E1B628EDE00317EAC /* LaunchScreen.xib */,
				6DD5A2FF1B628EDE00317EAC /* Supporting Files */,
			);
			path = ZNTools;
			sourceTree = "<group>";
		};
		6DD5A2FF1B628EDE00317EAC /* Supporting Files */ = {
			isa = PBXGroup;
			children = (
				6DD5A3001B628EDE00317EAC /* Info.plist */,
				6DD5A3011B628EDE00317EAC /* main.m */,
			);
			name = "Supporting Files";
			sourceTree = "<group>";
		};
		6DD5A3181B628EDE00317EAC /* ZNToolsTests */ = {
			isa = PBXGroup;
			children = (
				6DD5A31B1B628EDE00317EAC /* ZNToolsTests.m */,
				6DD5A3191B628EDE00317EAC /* Supporting Files */,
			);
			path = ZNToolsTests;
			sourceTree = "<group>";
		};
		6DD5A3191B628EDE00317EAC /* Supporting Files */ = {
			isa = PBXGroup;
			children = (
				6DD5A31A1B628EDE00317EAC /* Info.plist */,
			);
			name = "Supporting Files";
			sourceTree = "<group>";
		};
/* End PBXGroup section */

/* Begin PBXNativeTarget section */
		6DD5A2FB1B628EDE00317EAC /* ZNTools */ = {
			isa = PBXNativeTarget;
			buildConfigurationList = 6DD5A31F1B628EDE00317EAC /* Build configuration list for PBXNativeTarget "ZNTools" */;
			buildPhases = (
				6DD5A2F81B628EDE00317EAC /* Sources */,
				6DD5A2F91B628EDE00317EAC /* Frameworks */,
				6DD5A2FA1B628EDE00317EAC /* Resources */,
			);
			buildRules = (
			);
			dependencies = (
			);
			name = ZNTools;
			productName = ZNTools;
			productReference = 6DD5A2FC1B628EDE00317EAC /* ZNTools.app */;
			productType = "com.apple.product-type.application";
		};
		6DD5A3141B628EDE00317EAC /* ZNToolsTests */ = {
			isa = PBXNativeTarget;
			buildConfigurationList = 6DD5A3221B628EDE00317EAC /* Build configuration list for PBXNativeTarget "ZNToolsTests" */;
			buildPhases = (
				6DD5A3111B628EDE00317EAC /* Sources */,
				6DD5A3121B628EDE00317EAC /* Frameworks */,
				6DD5A3131B628EDE00317EAC /* Resources */,
			);
			buildRules = (
			);
			dependencies = (
				6DD5A3171B628EDE00317EAC /* PBXTargetDependency */,
			);
			name = ZNToolsTests;
			productName = ZNToolsTests;
			productReference = 6DD5A3151B628EDE00317EAC /* ZNToolsTests.xctest */;
			productType = "com.apple.product-type.bundle.unit-test";
		};
/* End PBXNativeTarget section */

/* Begin PBXProject section */
		6DD5A2F41B628EDE00317EAC /* Project object */ = {
			isa = PBXProject;
			attributes = {
				LastUpgradeCheck = 0640;
				ORGANIZATIONNAME = zhaonan;
				TargetAttributes = {
					6DD5A2FB1B628EDE00317EAC = {
						CreatedOnToolsVersion = 6.4;
					};
					6DD5A3141B628EDE00317EAC = {
						CreatedOnToolsVersion = 6.4;
						TestTargetID = 6DD5A2FB1B628EDE00317EAC;
					};
				};
			};
			buildConfigurationList = 6DD5A2F71B628EDE00317EAC /* Build configuration list for PBXProject "ZNTools" */;
			compatibilityVersion = "Xcode 3.2";
			developmentRegion = English;
			hasScannedForEncodings = 0;
			knownRegions = (
				en,
				Base,
			);
			mainGroup = 6DD5A2F31B628EDE00317EAC;
			productRefGroup = 6DD5A2FD1B628EDE00317EAC /* Products */;
			projectDirPath = "";
			projectRoot = "";
			targets = (
				6DD5A2FB1B628EDE00317EAC /* ZNTools */,
				6DD5A3141B628EDE00317EAC /* ZNToolsTests */,
			);
		};
/* End PBXProject section */

/* Begin PBXResourcesBuildPhase section */
		6DD5A2FA1B628EDE00317EAC /* Resources */ = {
			isa = PBXResourcesBuildPhase;
			buildActionMask = 2147483647;
			files = (
				6DD5A30B1B628EDE00317EAC /* Main.storyboard in Resources */,
				6DD5A3101B628EDE00317EAC /* LaunchScreen.xib in Resources */,
				6DD5A30D1B628EDE00317EAC /* Images.xcassets in Resources */,
			);
			runOnlyForDeploymentPostprocessing = 0;
		};
		6DD5A3131B628EDE00317EAC /* Resources */ = {
			isa = PBXResourcesBuildPhase;
			buildActionMask = 2147483647;
			files = (
			);
			runOnlyForDeploymentPostprocessing = 0;
		};
/* End PBXResourcesBuildPhase section */

/* Begin PBXSourcesBuildPhase section */
		6DD5A2F81B628EDE00317EAC /* Sources */ = {
			isa = PBXSourcesBuildPhase;
			buildActionMask = 2147483647;
			files = (
				6DD5A3081B628EDE00317EAC /* ViewController.m in Sources */,
				6DD5A3051B628EDE00317EAC /* AppDelegate.m in Sources */,
				6DD5A3021B628EDE00317EAC /* main.m in Sources */,
			);
			runOnlyForDeploymentPostprocessing = 0;
		};
		6DD5A3111B628EDE00317EAC /* Sources */ = {
			isa = PBXSourcesBuildPhase;
			buildActionMask = 2147483647;
			files = (
				6DD5A31C1B628EDE00317EAC /* ZNToolsTests.m in Sources */,
			);
			runOnlyForDeploymentPostprocessing = 0;
		};
/* End PBXSourcesBuildPhase section */

/* Begin PBXTargetDependency section */
		6DD5A3171B628EDE00317EAC /* PBXTargetDependency */ = {
			isa = PBXTargetDependency;
			target = 6DD5A2FB1B628EDE00317EAC /* ZNTools */;
			targetProxy = 6DD5A3161B628EDE00317EAC /* PBXContainerItemProxy */;
		};
/* End PBXTargetDependency section */

/* Begin PBXVariantGroup section */
		6DD5A3091B628EDE00317EAC /* Main.storyboard */ = {
			isa = PBXVariantGroup;
			children = (
				6DD5A30A1B628EDE00317EAC /* Base */,
			);
			name = Main.storyboard;
			sourceTree = "<group>";
		};
		6DD5A30E1B628EDE00317EAC /* LaunchScreen.xib */ = {
			isa = PBXVariantGroup;
			children = (
				6DD5A30F1B628EDE00317EAC /* Base */,
			);
			name = LaunchScreen.xib;
			sourceTree = "<group>";
		};
/* End PBXVariantGroup section */

/* Begin XCBuildConfiguration section */
		6DD5A31D1B628EDE00317EAC /* Debug */ = {
			isa = XCBuildConfiguration;
			buildSettings = {
				ALWAYS_SEARCH_USER_PATHS = NO;
				CLANG_CXX_LANGUAGE_STANDARD = "gnu++0x";
				CLANG_CXX_LIBRARY = "libc++";
				CLANG_ENABLE_MODULES = YES;
				CLANG_ENABLE_OBJC_ARC = YES;
				CLANG_WARN_BOOL_CONVERSION = YES;
				CLANG_WARN_CONSTANT_CONVERSION = YES;
				CLANG_WARN_DIRECT_OBJC_ISA_USAGE = YES_ERROR;
				CLANG_WARN_EMPTY_BODY = YES;
				CLANG_WARN_ENUM_CONVERSION = YES;
				CLANG_WARN_INT_CONVERSION = YES;
				CLANG_WARN_OBJC_ROOT_CLASS = YES_ERROR;
				CLANG_WARN_UNREACHABLE_CODE = YES;
				CLANG_WARN__DUPLICATE_METHOD_MATCH = YES;
				"CODE_SIGN_IDENTITY[sdk=iphoneos*]" = "iPhone Developer";
				COPY_PHASE_STRIP = NO;
				DEBUG_INFORMATION_FORMAT = "dwarf-with-dsym";
				ENABLE_STRICT_OBJC_MSGSEND = YES;
				GCC_C_LANGUAGE_STANDARD = gnu99;
				GCC_DYNAMIC_NO_PIC = NO;
				GCC_NO_COMMON_BLOCKS = YES;
				GCC_OPTIMIZATION_LEVEL = 0;
				GCC_PREPROCESSOR_DEFINITIONS = (
					"DEBUG=1",
					"$(inherited)",
				);
				GCC_SYMBOLS_PRIVATE_EXTERN = NO;
				GCC_WARN_64_TO_32_BIT_CONVERSION = YES;
				GCC_WARN_ABOUT_RETURN_TYPE = YES_ERROR;
				GCC_WARN_UNDECLARED_SELECTOR = YES;
				GCC_WARN_UNINITIALIZED_AUTOS = YES_AGGRESSIVE;
				GCC_WARN_UNUSED_FUNCTION = YES;
				GCC_WARN_UNUSED_VARIABLE = YES;
				IPHONEOS_DEPLOYMENT_TARGET = 8.4;
				MTL_ENABLE_DEBUG_INFO = YES;
				ONLY_ACTIVE_ARCH = YES;
				SDKROOT = iphoneos;
			};
			name = Debug;
		};
		6DD5A31E1B628EDE00317EAC /* Release */ = {
			isa = XCBuildConfiguration;
			buildSettings = {
				ALWAYS_SEARCH_USER_PATHS = NO;
				CLANG_CXX_LANGUAGE_STANDARD = "gnu++0x";
				CLANG_CXX_LIBRARY = "libc++";
				CLANG_ENABLE_MODULES = YES;
				CLANG_ENABLE_OBJC_ARC = YES;
				CLANG_WARN_BOOL_CONVERSION = YES;
				CLANG_WARN_CONSTANT_CONVERSION = YES;
				CLANG_WARN_DIRECT_OBJC_ISA_USAGE = YES_ERROR;
				CLANG_WARN_EMPTY_BODY = YES;
				CLANG_WARN_ENUM_CONVERSION = YES;
				CLANG_WARN_INT_CONVERSION = YES;
				CLANG_WARN_OBJC_ROOT_CLASS = YES_ERROR;
				CLANG_WARN_UNREACHABLE_CODE = YES;
				CLANG_WARN__DUPLICATE_METHOD_MATCH = YES;
				"CODE_SIGN_IDENTITY[sdk=iphoneos*]" = "iPhone Developer";
				COPY_PHASE_STRIP = NO;
				DEBUG_INFORMATION_FORMAT = "dwarf-with-dsym";
				ENABLE_NS_ASSERTIONS = NO;
				ENABLE_STRICT_OBJC_MSGSEND = YES;
				GCC_C_LANGUAGE_STANDARD = gnu99;
				GCC_NO_COMMON_BLOCKS = YES;
				GCC_WARN_64_TO_32_BIT_CONVERSION = YES;
				GCC_WARN_ABOUT_RETURN_TYPE = YES_ERROR;
				GCC_WARN_UNDECLARED_SELECTOR = YES;
				GCC_WARN_UNINITIALIZED_AUTOS = YES_AGGRESSIVE;
				GCC_WARN_UNUSED_FUNCTION = YES;
				GCC_WARN_UNUSED_VARIABLE = YES;
				IPHONEOS_DEPLOYMENT_TARGET = 8.4;
				MTL_ENABLE_DEBUG_INFO = NO;
				SDKROOT = iphoneos;
				VALIDATE_PRODUCT = YES;
			};
			name = Release;
		};
		6DD5A3201B628EDE00317EAC /* Debug */ = {
			isa = XCBuildConfiguration;
			buildSettings = {
				ASSETCATALOG_COMPILER_APPICON_NAME = AppIcon;
				INFOPLIST_FILE = ZNTools/Info.plist;
				LD_RUNPATH_SEARCH_PATHS = "$(inherited) @executable_path/Frameworks";
				PRODUCT_NAME = "$(TARGET_NAME)";
			};
			name = Debug;
		};
		6DD5A3211B628EDE00317EAC /* Release */ = {
			isa = XCBuildConfiguration;
			buildSettings = {
				ASSETCATALOG_COMPILER_APPICON_NAME = AppIcon;
				INFOPLIST_FILE = ZNTools/Info.plist;
				LD_RUNPATH_SEARCH_PATHS = "$(inherited) @executable_path/Frameworks";
				PRODUCT_NAME = "$(TARGET_NAME)";
			};
			name = Release;
		};
		6DD5A3231B628EDE00317EAC /* Debug */ = {
			isa = XCBuildConfiguration;
			buildSettings = {
				BUNDLE_LOADER = "$(TEST_HOST)";
				FRAMEWORK_SEARCH_PATHS = (
					"$(SDKROOT)/Developer/Library/Frameworks",
					"$(inherited)",
				);
				GCC_PREPROCESSOR_DEFINITIONS = (
					"DEBUG=1",
					"$(inherited)",
				);
				INFOPLIST_FILE = ZNToolsTests/Info.plist;
				LD_RUNPATH_SEARCH_PATHS = "$(inherited) @executable_path/Frameworks @loader_path/Frameworks";
				PRODUCT_NAME = "$(TARGET_NAME)";
				TEST_HOST = "$(BUILT_PRODUCTS_DIR)/ZNTools.app/ZNTools";
			};
			name = Debug;
		};
		6DD5A3241B628EDE00317EAC /* Release */ = {
			isa = XCBuildConfiguration;
			buildSettings = {
				BUNDLE_LOADER = "$(TEST_HOST)";
				FRAMEWORK_SEARCH_PATHS = (
					"$(SDKROOT)/Developer/Library/Frameworks",
					"$(inherited)",
				);
				INFOPLIST_FILE = ZNToolsTests/Info.plist;
				LD_RUNPATH_SEARCH_PATHS = "$(inherited) @executable_path/Frameworks @loader_path/Frameworks";
				PRODUCT_NAME = "$(TARGET_NAME)";
				TEST_HOST = "$(BUILT_PRODUCTS_DIR)/ZNTools.app/ZNTools";
			};
			name = Release;
		};
/* End XCBuildConfiguration section */

/* Begin XCConfigurationList section */
		6DD5A2F71B628EDE00317EAC /* Build configuration list for PBXProject "ZNTools" */ = {
			isa = XCConfigurationList;
			buildConfigurations = (
				6DD5A31D1B628EDE00317EAC /* Debug */,
				6DD5A31E1B628EDE00317EAC /* Release */,
			);
			defaultConfigurationIsVisible = 0;
			defaultConfigurationName = Release;
		};
		6DD5A31F1B628EDE00317EAC /* Build configuration list for PBXNativeTarget "ZNTools" */ = {
			isa = XCConfigurationList;
			buildConfigurations = (
				6DD5A3201B628EDE00317EAC /* Debug */,
				6DD5A3211B628EDE00317EAC /* Release */,
			);
			defaultConfigurationIsVisible = 0;
		};
		6DD5A3221B628EDE00317EAC /* Build configuration list for PBXNativeTarget "ZNToolsTests" */ = {
			isa = XCConfigurationList;
			buildConfigurations = (
				6DD5A3231B628EDE00317EAC /* Debug */,
				6DD5A3241B628EDE00317EAC /* Release */,
			);
			defaultConfigurationIsVisible = 0;
		};
/* End XCConfigurationList section */
	};
	rootObject = 6DD5A2F41B628EDE00317EAC /* Project object */;
}
